
Microsoft Visual Studio Solution File, Format Version 12.00
# Visual Studio Version 17
VisualStudioVersion = 17.1.32407.343
MinimumVisualStudioVersion = 10.0.40219.1
Project("{FAE04EC0-301F-11D3-BF4B-00C04F79EFBC}") = "DataStructureDemo", "DataStructureDemo\DataStructureDemo.csproj", "{6BD52ED7-8AE0-4982-8092-4D6476B35B4F}"
EndProject
Project("{FAE04EC0-301F-11D3-BF4B-00C04F79EFBC}") = "QueueUsingLinkedList", "QueueUsingLinkedList\QueueUsingLinkedList.csproj", "{82573329-3CCB-46E7-8D0E-8CC09D869442}"
EndProject
Project("{FAE04EC0-301F-11D3-BF4B-00C04F79EFBC}") = "StackUsingLinkedList", "StackUsingLinkedList\StackUsingLinkedList.csproj", "{19339E7C-CB76-4045-A726-BCEA757B11D4}"
EndProject
Global
	GlobalSection(SolutionConfigurationPlatforms) = preSolution
		Debug|Any CPU = Debug|Any CPU
		Release|Any CPU = Release|Any CPU
	EndGlobalSection
	GlobalSection(ProjectConfigurationPlatforms) = postSolution
		{6BD52ED7-8AE0-4982-8092-4D6476B35B4F}.Debug|Any CPU.ActiveCfg = Debug|Any CPU
		{6BD52ED7-8AE0-4982-8092-4D6476B35B4F}.Debug|Any CPU.Build.0 = Debug|Any CPU
		{6BD52ED7-8AE0-4982-8092-4D6476B35B4F}.Release|Any CPU.ActiveCfg = Release|Any CPU
		{6BD52ED7-8AE0-4982-8092-4D6476B35B4F}.Release|Any CPU.Build.0 = Release|Any CPU
		{82573329-3CCB-46E7-8D0E-8CC09D869442}.Debug|Any CPU.ActiveCfg = Debug|Any CPU
		{82573329-3CCB-46E7-8D0E-8CC09D869442}.Debug|Any CPU.Build.0 = Debug|Any CPU
		{82573329-3CCB-46E7-8D0E-8CC09D869442}.Release|Any CPU.ActiveCfg = Release|Any CPU
		{82573329-3CCB-46E7-8D0E-8CC09D869442}.Release|Any CPU.Build.0 = Release|Any CPU
		{19339E7C-CB76-4045-A726-BCEA757B11D4}.Debug|Any CPU.ActiveCfg = Debug|Any CPU
		{19339E7C-CB76-4045-A726-BCEA757B11D4}.Debug|Any CPU.Build.0 = Debug|Any CPU
		{19339E7C-CB76-4045-A726-BCEA757B11D4}.Release|Any CPU.ActiveCfg = Release|Any CPU
		{19339E7C-CB76-4045-A726-BCEA757B11D4}.Release|Any CPU.Build.0 = Release|Any CPU
	EndGlobalSection
	GlobalSection(SolutionProperties) = preSolution
		HideSolutionNode = FALSE
	EndGlobalSection
	GlobalSection(ExtensibilityGlobals) = postSolution
		SolutionGuid = {90EB85EF-5EF1-450A-A53E-B8BCB64F885A}
	EndGlobalSection
EndGlobal
